// !$*UTF8*$!
{
	archiveVersion = 1;
	classes = {
	};
	objectVersion = 56;
	objects = {

/* Begin PBXBuildFile section */
		D48F3EF0296237230074DDC1 /* AppMain.swift in Sources */ = {isa = PBXBuildFile; fileRef = D48F3EEF296237230074DDC1 /* AppMain.swift */; };
		D48F3EF2296237230074DDC1 /* ContentView.swift in Sources */ = {isa = PBXBuildFile; fileRef = D48F3EF1296237230074DDC1 /* ContentView.swift */; };
		D48F3EF4296237240074DDC1 /* Assets.xcassets in Resources */ = {isa = PBXBuildFile; fileRef = D48F3EF3296237240074DDC1 /* Assets.xcassets */; };
		D48F3EF7296237240074DDC1 /* Preview Assets.xcassets in Resources */ = {isa = PBXBuildFile; fileRef = D48F3EF6296237240074DDC1 /* Preview Assets.xcassets */; };
		D48F3F01296237250074DDC1 /* TasksTests.swift in Sources */ = {isa = PBXBuildFile; fileRef = D48F3F00296237250074DDC1 /* TasksTests.swift */; };
		D48F3F0B296237250074DDC1 /* TasksUITests.swift in Sources */ = {isa = PBXBuildFile; fileRef = D48F3F0A296237250074DDC1 /* TasksUITests.swift */; };
		D48F3F0D296237250074DDC1 /* TasksUITestsLaunchTests.swift in Sources */ = {isa = PBXBuildFile; fileRef = D48F3F0C296237250074DDC1 /* TasksUITestsLaunchTests.swift */; };
		D48F3F1A296238340074DDC1 /* TasksService.swift in Sources */ = {isa = PBXBuildFile; fileRef = D48F3F19296238340074DDC1 /* TasksService.swift */; };
		D48F3F1D296238540074DDC1 /* Models.swift in Sources */ = {isa = PBXBuildFile; fileRef = D48F3F1C296238540074DDC1 /* Models.swift */; };
		D48F3F1F2962385A0074DDC1 /* MockedData.swift in Sources */ = {isa = PBXBuildFile; fileRef = D48F3F1E2962385A0074DDC1 /* MockedData.swift */; };
/* End PBXBuildFile section */

/* Begin PBXContainerItemProxy section */
		D48F3EFD296237250074DDC1 /* PBXContainerItemProxy */ = {
			isa = PBXContainerItemProxy;
			containerPortal = D48F3EE4296237230074DDC1 /* Project object */;
			proxyType = 1;
			remoteGlobalIDString = D48F3EEB296237230074DDC1;
			remoteInfo = Tasks;
		};
		D48F3F07296237250074DDC1 /* PBXContainerItemProxy */ = {
			isa = PBXContainerItemProxy;
			containerPortal = D48F3EE4296237230074DDC1 /* Project object */;
			proxyType = 1;
			remoteGlobalIDString = D48F3EEB296237230074DDC1;
			remoteInfo = Tasks;
		};
/* End PBXContainerItemProxy section */

/* Begin PBXFileReference section */
		D48F3EEC296237230074DDC1 /* Tasks.app */ = {isa = PBXFileReference; explicitFileType = wrapper.application; includeInIndex = 0; path = Tasks.app; sourceTree = BUILT_PRODUCTS_DIR; };
		D48F3EEF296237230074DDC1 /* AppMain.swift */ = {isa = PBXFileReference; lastKnownFileType = sourcecode.swift; path = AppMain.swift; sourceTree = "<group>"; };
		D48F3EF1296237230074DDC1 /* ContentView.swift */ = {isa = PBXFileReference; lastKnownFileType = sourcecode.swift; path = ContentView.swift; sourceTree = "<group>"; };
		D48F3EF3296237240074DDC1 /* Assets.xcassets */ = {isa = PBXFileReference; lastKnownFileType = folder.assetcatalog; path = Assets.xcassets; sourceTree = "<group>"; };
		D48F3EF6296237240074DDC1 /* Preview Assets.xcassets */ = {isa = PBXFileReference; lastKnownFileType = folder.assetcatalog; path = "Preview Assets.xcassets"; sourceTree = "<group>"; };
		D48F3EFC296237250074DDC1 /* TasksTests.xctest */ = {isa = PBXFileReference; explicitFileType = wrapper.cfbundle; includeInIndex = 0; path = TasksTests.xctest; sourceTree = BUILT_PRODUCTS_DIR; };
		D48F3F00296237250074DDC1 /* TasksTests.swift */ = {isa = PBXFileReference; lastKnownFileType = sourcecode.swift; path = TasksTests.swift; sourceTree = "<group>"; };
		D48F3F06296237250074DDC1 /* TasksUITests.xctest */ = {isa = PBXFileReference; explicitFileType = wrapper.cfbundle; includeInIndex = 0; path = TasksUITests.xctest; sourceTree = BUILT_PRODUCTS_DIR; };
		D48F3F0A296237250074DDC1 /* TasksUITests.swift */ = {isa = PBXFileReference; lastKnownFileType = sourcecode.swift; path = TasksUITests.swift; sourceTree = "<group>"; };
		D48F3F0C296237250074DDC1 /* TasksUITestsLaunchTests.swift */ = {isa = PBXFileReference; lastKnownFileType = sourcecode.swift; path = TasksUITestsLaunchTests.swift; sourceTree = "<group>"; };
		D48F3F19296238340074DDC1 /* TasksService.swift */ = {isa = PBXFileReference; lastKnownFileType = sourcecode.swift; path = TasksService.swift; sourceTree = "<group>"; };
		D48F3F1C296238540074DDC1 /* Models.swift */ = {isa = PBXFileReference; lastKnownFileType = sourcecode.swift; path = Models.swift; sourceTree = "<group>"; };
		D48F3F1E2962385A0074DDC1 /* MockedData.swift */ = {isa = PBXFileReference; lastKnownFileType = sourcecode.swift; path = MockedData.swift; sourceTree = "<group>"; };
/* End PBXFileReference section */

/* Begin PBXFrameworksBuildPhase section */
		D48F3EE9296237230074DDC1 /* Frameworks */ = {
			isa = PBXFrameworksBuildPhase;
			buildActionMask = 2147483647;
			files = (
			);
			runOnlyForDeploymentPostprocessing = 0;
		};
		D48F3EF9296237250074DDC1 /* Frameworks */ = {
			isa = PBXFrameworksBuildPhase;
			buildActionMask = 2147483647;
			files = (
			);
			runOnlyForDeploymentPostprocessing = 0;
		};
		D48F3F03296237250074DDC1 /* Frameworks */ = {
			isa = PBXFrameworksBuildPhase;
			buildActionMask = 2147483647;
			files = (
			);
			runOnlyForDeploymentPostprocessing = 0;
		};
/* End PBXFrameworksBuildPhase section */

/* Begin PBXGroup section */
		D48F3EE3296237230074DDC1 = {
			isa = PBXGroup;
			children = (
				D48F3EEE296237230074DDC1 /* Tasks */,
				D48F3EFF296237250074DDC1 /* TasksTests */,
				D48F3F09296237250074DDC1 /* TasksUITests */,
				D48F3EED296237230074DDC1 /* Products */,
			);
			sourceTree = "<group>";
		};
		D48F3EED296237230074DDC1 /* Products */ = {
			isa = PBXGroup;
			children = (
				D48F3EEC296237230074DDC1 /* Tasks.app */,
				D48F3EFC296237250074DDC1 /* TasksTests.xctest */,
				D48F3F06296237250074DDC1 /* TasksUITests.xctest */,
			);
			name = Products;
			sourceTree = "<group>";
		};
		D48F3EEE296237230074DDC1 /* Tasks */ = {
			isa = PBXGroup;
			children = (
				D48F3F212962387C0074DDC1 /* System */,
				D48F3F20296238740074DDC1 /* Services */,
				D48F3F1B2962384A0074DDC1 /* Models */,
				D48F3F22296238880074DDC1 /* UI */,
				D48F3EF3296237240074DDC1 /* Assets.xcassets */,
				D48F3EF5296237240074DDC1 /* Preview Content */,
			);
			path = Tasks;
			sourceTree = "<group>";
		};
		D48F3EF5296237240074DDC1 /* Preview Content */ = {
			isa = PBXGroup;
			children = (
				D48F3EF6296237240074DDC1 /* Preview Assets.xcassets */,
			);
			path = "Preview Content";
			sourceTree = "<group>";
		};
		D48F3EFF296237250074DDC1 /* TasksTests */ = {
			isa = PBXGroup;
			children = (
				D48F3F00296237250074DDC1 /* TasksTests.swift */,
			);
			path = TasksTests;
			sourceTree = "<group>";
		};
		D48F3F09296237250074DDC1 /* TasksUITests */ = {
			isa = PBXGroup;
			children = (
				D48F3F0A296237250074DDC1 /* TasksUITests.swift */,
				D48F3F0C296237250074DDC1 /* TasksUITestsLaunchTests.swift */,
			);
			path = TasksUITests;
			sourceTree = "<group>";
		};
		D48F3F1B2962384A0074DDC1 /* Models */ = {
			isa = PBXGroup;
			children = (
				D48F3F1C296238540074DDC1 /* Models.swift */,
				D48F3F1E2962385A0074DDC1 /* MockedData.swift */,
			);
			path = Models;
			sourceTree = "<group>";
		};
		D48F3F20296238740074DDC1 /* Services */ = {
			isa = PBXGroup;
			children = (
				D48F3F19296238340074DDC1 /* TasksService.swift */,
			);
			path = Services;
			sourceTree = "<group>";
		};
		D48F3F212962387C0074DDC1 /* System */ = {
			isa = PBXGroup;
			children = (
				D48F3EEF296237230074DDC1 /* AppMain.swift */,
			);
			path = System;
			sourceTree = "<group>";
		};
		D48F3F22296238880074DDC1 /* UI */ = {
			isa = PBXGroup;
			children = (
				D48F3EF1296237230074DDC1 /* ContentView.swift */,
			);
			path = UI;
			sourceTree = "<group>";
		};
/* End PBXGroup section */

/* Begin PBXNativeTarget section */
		D48F3EEB296237230074DDC1 /* Tasks */ = {
			isa = PBXNativeTarget;
			buildConfigurationList = D48F3F10296237250074DDC1 /* Build configuration list for PBXNativeTarget "Tasks" */;
			buildPhases = (
				D48F3EE8296237230074DDC1 /* Sources */,
				D48F3EE9296237230074DDC1 /* Frameworks */,
				D48F3EEA296237230074DDC1 /* Resources */,
			);
			buildRules = (
			);
			dependencies = (
			);
			name = Tasks;
			productName = Tasks;
			productReference = D48F3EEC296237230074DDC1 /* Tasks.app */;
			productType = "com.apple.product-type.application";
		};
		D48F3EFB296237250074DDC1 /* TasksTests */ = {
			isa = PBXNativeTarget;
			buildConfigurationList = D48F3F13296237250074DDC1 /* Build configuration list for PBXNativeTarget "TasksTests" */;
			buildPhases = (
				D48F3EF8296237250074DDC1 /* Sources */,
				D48F3EF9296237250074DDC1 /* Frameworks */,
				D48F3EFA296237250074DDC1 /* Resources */,
			);
			buildRules = (
			);
			dependencies = (
				D48F3EFE296237250074DDC1 /* PBXTargetDependency */,
			);
			name = TasksTests;
			productName = TasksTests;
			productReference = D48F3EFC296237250074DDC1 /* TasksTests.xctest */;
			productType = "com.apple.product-type.bundle.unit-test";
		};
		D48F3F05296237250074DDC1 /* TasksUITests */ = {
			isa = PBXNativeTarget;
			buildConfigurationList = D48F3F16296237250074DDC1 /* Build configuration list for PBXNativeTarget "TasksUITests" */;
			buildPhases = (
				D48F3F02296237250074DDC1 /* Sources */,
				D48F3F03296237250074DDC1 /* Frameworks */,
				D48F3F04296237250074DDC1 /* Resources */,
			);
			buildRules = (
			);
			dependencies = (
				D48F3F08296237250074DDC1 /* PBXTargetDependency */,
			);
			name = TasksUITests;
			productName = TasksUITests;
			productReference = D48F3F06296237250074DDC1 /* TasksUITests.xctest */;
			productType = "com.apple.product-type.bundle.ui-testing";
		};
/* End PBXNativeTarget section */

/* Begin PBXProject section */
		D48F3EE4296237230074DDC1 /* Project object */ = {
			isa = PBXProject;
			attributes = {
				BuildIndependentTargetsInParallel = 1;
				LastSwiftUpdateCheck = 1420;
				LastUpgradeCheck = 1420;
				TargetAttributes = {
					D48F3EEB296237230074DDC1 = {
						CreatedOnToolsVersion = 14.2;
					};
					D48F3EFB296237250074DDC1 = {
						CreatedOnToolsVersion = 14.2;
						TestTargetID = D48F3EEB296237230074DDC1;
					};
					D48F3F05296237250074DDC1 = {
						CreatedOnToolsVersion = 14.2;
						TestTargetID = D48F3EEB296237230074DDC1;
					};
				};
			};
			buildConfigurationList = D48F3EE7296237230074DDC1 /* Build configuration list for PBXProject "Tasks" */;
			compatibilityVersion = "Xcode 14.0";
			developmentRegion = en;
			hasScannedForEncodings = 0;
			knownRegions = (
				en,
				Base,
			);
			mainGroup = D48F3EE3296237230074DDC1;
			productRefGroup = D48F3EED296237230074DDC1 /* Products */;
			projectDirPath = "";
			projectRoot = "";
			targets = (
				D48F3EEB296237230074DDC1 /* Tasks */,
				D48F3EFB296237250074DDC1 /* TasksTests */,
				D48F3F05296237250074DDC1 /* TasksUITests */,
			);
		};
/* End PBXProject section */

/* Begin PBXResourcesBuildPhase section */
		D48F3EEA296237230074DDC1 /* Resources */ = {
			isa = PBXResourcesBuildPhase;
			buildActionMask = 2147483647;
			files = (
				D48F3EF7296237240074DDC1 /* Preview Assets.xcassets in Resources */,
				D48F3EF4296237240074DDC1 /* Assets.xcassets in Resources */,
			);
			runOnlyForDeploymentPostprocessing = 0;
		};
		D48F3EFA296237250074DDC1 /* Resources */ = {
			isa = PBXResourcesBuildPhase;
			buildActionMask = 2147483647;
			files = (
			);
			runOnlyForDeploymentPostprocessing = 0;
		};
		D48F3F04296237250074DDC1 /* Resources */ = {
			isa = PBXResourcesBuildPhase;
			buildActionMask = 2147483647;
			files = (
			);
			runOnlyForDeploymentPostprocessing = 0;
		};
/* End PBXResourcesBuildPhase section */

/* Begin PBXSourcesBuildPhase section */
		D48F3EE8296237230074DDC1 /* Sources */ = {
			isa = PBXSourcesBuildPhase;
			buildActionMask = 2147483647;
			files = (
				D48F3F1F2962385A0074DDC1 /* MockedData.swift in Sources */,
				D48F3EF2296237230074DDC1 /* ContentView.swift in Sources */,
				D48F3F1A296238340074DDC1 /* TasksService.swift in Sources */,
				D48F3EF0296237230074DDC1 /* AppMain.swift in Sources */,
				D48F3F1D296238540074DDC1 /* Models.swift in Sources */,
			);
			runOnlyForDeploymentPostprocessing = 0;
		};
		D48F3EF8296237250074DDC1 /* Sources */ = {
			isa = PBXSourcesBuildPhase;
			buildActionMask = 2147483647;
			files = (
				D48F3F01296237250074DDC1 /* TasksTests.swift in Sources */,
			);
			runOnlyForDeploymentPostprocessing = 0;
		};
		D48F3F02296237250074DDC1 /* Sources */ = {
			isa = PBXSourcesBuildPhase;
			buildActionMask = 2147483647;
			files = (
				D48F3F0B296237250074DDC1 /* TasksUITests.swift in Sources */,
				D48F3F0D296237250074DDC1 /* TasksUITestsLaunchTests.swift in Sources */,
			);
			runOnlyForDeploymentPostprocessing = 0;
		};
/* End PBXSourcesBuildPhase section */

/* Begin PBXTargetDependency section */
		D48F3EFE296237250074DDC1 /* PBXTargetDependency */ = {
			isa = PBXTargetDependency;
			target = D48F3EEB296237230074DDC1 /* Tasks */;
			targetProxy = D48F3EFD296237250074DDC1 /* PBXContainerItemProxy */;
		};
		D48F3F08296237250074DDC1 /* PBXTargetDependency */ = {
			isa = PBXTargetDependency;
			target = D48F3EEB296237230074DDC1 /* Tasks */;
			targetProxy = D48F3F07296237250074DDC1 /* PBXContainerItemProxy */;
		};
/* End PBXTargetDependency section */

/* Begin XCBuildConfiguration section */
		D48F3F0E296237250074DDC1 /* Debug */ = {
			isa = XCBuildConfiguration;
			buildSettings = {
				ALWAYS_SEARCH_USER_PATHS = NO;
				CLANG_ANALYZER_NONNULL = YES;
				CLANG_ANALYZER_NUMBER_OBJECT_CONVERSION = YES_AGGRESSIVE;
				CLANG_CXX_LANGUAGE_STANDARD = "gnu++20";
				CLANG_ENABLE_MODULES = YES;
				CLANG_ENABLE_OBJC_ARC = YES;
				CLANG_ENABLE_OBJC_WEAK = YES;
				CLANG_WARN_BLOCK_CAPTURE_AUTORELEASING = YES;
				CLANG_WARN_BOOL_CONVERSION = YES;
				CLANG_WARN_COMMA = YES;
				CLANG_WARN_CONSTANT_CONVERSION = YES;
				CLANG_WARN_DEPRECATED_OBJC_IMPLEMENTATIONS = YES;
				CLANG_WARN_DIRECT_OBJC_ISA_USAGE = YES_ERROR;
				CLANG_WARN_DOCUMENTATION_COMMENTS = YES;
				CLANG_WARN_EMPTY_BODY = YES;
				CLANG_WARN_ENUM_CONVERSION = YES;
				CLANG_WARN_INFINITE_RECURSION = YES;
				CLANG_WARN_INT_CONVERSION = YES;
				CLANG_WARN_NON_LITERAL_NULL_CONVERSION = YES;
				CLANG_WARN_OBJC_IMPLICIT_RETAIN_SELF = YES;
				CLANG_WARN_OBJC_LITERAL_CONVERSION = YES;
				CLANG_WARN_OBJC_ROOT_CLASS = YES_ERROR;
				CLANG_WARN_QUOTED_INCLUDE_IN_FRAMEWORK_HEADER = YES;
				CLANG_WARN_RANGE_LOOP_ANALYSIS = YES;
				CLANG_WARN_STRICT_PROTOTYPES = YES;
				CLANG_WARN_SUSPICIOUS_MOVE = YES;
				CLANG_WARN_UNGUARDED_AVAILABILITY = YES_AGGRESSIVE;
				CLANG_WARN_UNREACHABLE_CODE = YES;
				CLANG_WARN__DUPLICATE_METHOD_MATCH = YES;
				COPY_PHASE_STRIP = NO;
				DEBUG_INFORMATION_FORMAT = dwarf;
				ENABLE_STRICT_OBJC_MSGSEND = YES;
				ENABLE_TESTABILITY = YES;
				GCC_C_LANGUAGE_STANDARD = gnu11;
				GCC_DYNAMIC_NO_PIC = NO;
				GCC_NO_COMMON_BLOCKS = YES;
				GCC_OPTIMIZATION_LEVEL = 0;
				GCC_PREPROCESSOR_DEFINITIONS = (
					"DEBUG=1",
					"$(inherited)",
				);
				GCC_WARN_64_TO_32_BIT_CONVERSION = YES;
				GCC_WARN_ABOUT_RETURN_TYPE = YES_ERROR;
				GCC_WARN_UNDECLARED_SELECTOR = YES;
				GCC_WARN_UNINITIALIZED_AUTOS = YES_AGGRESSIVE;
				GCC_WARN_UNUSED_FUNCTION = YES;
				GCC_WARN_UNUSED_VARIABLE = YES;
				IPHONEOS_DEPLOYMENT_TARGET = 16.2;
				MTL_ENABLE_DEBUG_INFO = INCLUDE_SOURCE;
				MTL_FAST_MATH = YES;
				ONLY_ACTIVE_ARCH = YES;
				SDKROOT = iphoneos;
				SWIFT_ACTIVE_COMPILATION_CONDITIONS = DEBUG;
				SWIFT_OPTIMIZATION_LEVEL = "-Onone";
			};
			name = Debug;
		};
		D48F3F0F296237250074DDC1 /* Release */ = {
			isa = XCBuildConfiguration;
			buildSettings = {
				ALWAYS_SEARCH_USER_PATHS = NO;
				CLANG_ANALYZER_NONNULL = YES;
				CLANG_ANALYZER_NUMBER_OBJECT_CONVERSION = YES_AGGRESSIVE;
				CLANG_CXX_LANGUAGE_STANDARD = "gnu++20";
				CLANG_ENABLE_MODULES = YES;
				CLANG_ENABLE_OBJC_ARC = YES;
				CLANG_ENABLE_OBJC_WEAK = YES;
				CLANG_WARN_BLOCK_CAPTURE_AUTORELEASING = YES;
				CLANG_WARN_BOOL_CONVERSION = YES;
				CLANG_WARN_COMMA = YES;
				CLANG_WARN_CONSTANT_CONVERSION = YES;
				CLANG_WARN_DEPRECATED_OBJC_IMPLEMENTATIONS = YES;
				CLANG_WARN_DIRECT_OBJC_ISA_USAGE = YES_ERROR;
				CLANG_WARN_DOCUMENTATION_COMMENTS = YES;
				CLANG_WARN_EMPTY_BODY = YES;
				CLANG_WARN_ENUM_CONVERSION = YES;
				CLANG_WARN_INFINITE_RECURSION = YES;
				CLANG_WARN_INT_CONVERSION = YES;
				CLANG_WARN_NON_LITERAL_NULL_CONVERSION = YES;
				CLANG_WARN_OBJC_IMPLICIT_RETAIN_SELF = YES;
				CLANG_WARN_OBJC_LITERAL_CONVERSION = YES;
				CLANG_WARN_OBJC_ROOT_CLASS = YES_ERROR;
				CLANG_WARN_QUOTED_INCLUDE_IN_FRAMEWORK_HEADER = YES;
				CLANG_WARN_RANGE_LOOP_ANALYSIS = YES;
				CLANG_WARN_STRICT_PROTOTYPES = YES;
				CLANG_WARN_SUSPICIOUS_MOVE = YES;
				CLANG_WARN_UNGUARDED_AVAILABILITY = YES_AGGRESSIVE;
				CLANG_WARN_UNREACHABLE_CODE = YES;
				CLANG_WARN__DUPLICATE_METHOD_MATCH = YES;
				COPY_PHASE_STRIP = NO;
				DEBUG_INFORMATION_FORMAT = "dwarf-with-dsym";
				ENABLE_NS_ASSERTIONS = NO;
				ENABLE_STRICT_OBJC_MSGSEND = YES;
				GCC_C_LANGUAGE_STANDARD = gnu11;
				GCC_NO_COMMON_BLOCKS = YES;
				GCC_WARN_64_TO_32_BIT_CONVERSION = YES;
				GCC_WARN_ABOUT_RETURN_TYPE = YES_ERROR;
				GCC_WARN_UNDECLARED_SELECTOR = YES;
				GCC_WARN_UNINITIALIZED_AUTOS = YES_AGGRESSIVE;
				GCC_WARN_UNUSED_FUNCTION = YES;
				GCC_WARN_UNUSED_VARIABLE = YES;
				IPHONEOS_DEPLOYMENT_TARGET = 16.2;
				MTL_ENABLE_DEBUG_INFO = NO;
				MTL_FAST_MATH = YES;
				SDKROOT = iphoneos;
				SWIFT_COMPILATION_MODE = wholemodule;
				SWIFT_OPTIMIZATION_LEVEL = "-O";
				VALIDATE_PRODUCT = YES;
			};
			name = Release;
		};
		D48F3F11296237250074DDC1 /* Debug */ = {
			isa = XCBuildConfiguration;
			buildSettings = {
				ASSETCATALOG_COMPILER_APPICON_NAME = AppIcon;
				ASSETCATALOG_COMPILER_GLOBAL_ACCENT_COLOR_NAME = AccentColor;
				CODE_SIGN_STYLE = Automatic;
				CURRENT_PROJECT_VERSION = 1;
				DEVELOPMENT_ASSET_PATHS = "\"Tasks/Preview Content\"";
				DEVELOPMENT_TEAM = W98A637544;
				ENABLE_PREVIEWS = YES;
				GENERATE_INFOPLIST_FILE = YES;
				INFOPLIST_KEY_UIApplicationSceneManifest_Generation = YES;
				INFOPLIST_KEY_UIApplicationSupportsIndirectInputEvents = YES;
				INFOPLIST_KEY_UILaunchScreen_Generation = YES;
				INFOPLIST_KEY_UISupportedInterfaceOrientations_iPad = "UIInterfaceOrientationPortrait UIInterfaceOrientationPortraitUpsideDown UIInterfaceOrientationLandscapeLeft UIInterfaceOrientationLandscapeRight";
				INFOPLIST_KEY_UISupportedInterfaceOrientations_iPhone = "UIInterfaceOrientationPortrait UIInterfaceOrientationLandscapeLeft UIInterfaceOrientationLandscapeRight";
				LD_RUNPATH_SEARCH_PATHS = (
					"$(inherited)",
					"@executable_path/Frameworks",
				);
				MARKETING_VERSION = 1.0;
				PRODUCT_BUNDLE_IDENTIFIER = com.robbroadwell.Tasks;
				PRODUCT_NAME = "$(TARGET_NAME)";
				SWIFT_EMIT_LOC_STRINGS = YES;
				SWIFT_VERSION = 5.0;
				TARGETED_DEVICE_FAMILY = "1,2";
			};
			name = Debug;
		};
		D48F3F12296237250074DDC1 /* Release */ = {
			isa = XCBuildConfiguration;
			buildSettings = {
				ASSETCATALOG_COMPILER_APPICON_NAME = AppIcon;
				ASSETCATALOG_COMPILER_GLOBAL_ACCENT_COLOR_NAME = AccentColor;
				CODE_SIGN_STYLE = Automatic;
				CURRENT_PROJECT_VERSION = 1;
				DEVELOPMENT_ASSET_PATHS = "\"Tasks/Preview Content\"";
				DEVELOPMENT_TEAM = W98A637544;
				ENABLE_PREVIEWS = YES;
				GENERATE_INFOPLIST_FILE = YES;
				INFOPLIST_KEY_UIApplicationSceneManifest_Generation = YES;
				INFOPLIST_KEY_UIApplicationSupportsIndirectInputEvents = YES;
				INFOPLIST_KEY_UILaunchScreen_Generation = YES;
				INFOPLIST_KEY_UISupportedInterfaceOrientations_iPad = "UIInterfaceOrientationPortrait UIInterfaceOrientationPortraitUpsideDown UIInterfaceOrientationLandscapeLeft UIInterfaceOrientationLandscapeRight";
				INFOPLIST_KEY_UISupportedInterfaceOrientations_iPhone = "UIInterfaceOrientationPortrait UIInterfaceOrientationLandscapeLeft UIInterfaceOrientationLandscapeRight";
				LD_RUNPATH_SEARCH_PATHS = (
					"$(inherited)",
					"@executable_path/Frameworks",
				);
				MARKETING_VERSION = 1.0;
				PRODUCT_BUNDLE_IDENTIFIER = com.robbroadwell.Tasks;
				PRODUCT_NAME = "$(TARGET_NAME)";
				SWIFT_EMIT_LOC_STRINGS = YES;
				SWIFT_VERSION = 5.0;
				TARGETED_DEVICE_FAMILY = "1,2";
			};
			name = Release;
		};
		D48F3F14296237250074DDC1 /* Debug */ = {
			isa = XCBuildConfiguration;
			buildSettings = {
				ALWAYS_EMBED_SWIFT_STANDARD_LIBRARIES = YES;
				BUNDLE_LOADER = "$(TEST_HOST)";
				CODE_SIGN_STYLE = Automatic;
				CURRENT_PROJECT_VERSION = 1;
				DEVELOPMENT_TEAM = W98A637544;
				GENERATE_INFOPLIST_FILE = YES;
				IPHONEOS_DEPLOYMENT_TARGET = 16.2;
				MARKETING_VERSION = 1.0;
				PRODUCT_BUNDLE_IDENTIFIER = com.robbroadwell.TasksTests;
				PRODUCT_NAME = "$(TARGET_NAME)";
				SWIFT_EMIT_LOC_STRINGS = NO;
				SWIFT_VERSION = 5.0;
				TARGETED_DEVICE_FAMILY = "1,2";
				TEST_HOST = "$(BUILT_PRODUCTS_DIR)/Tasks.app/$(BUNDLE_EXECUTABLE_FOLDER_PATH)/Tasks";
			};
			name = Debug;
		};
		D48F3F15296237250074DDC1 /* Release */ = {
			isa = XCBuildConfiguration;
			buildSettings = {
				ALWAYS_EMBED_SWIFT_STANDARD_LIBRARIES = YES;
				BUNDLE_LOADER = "$(TEST_HOST)";
				CODE_SIGN_STYLE = Automatic;
				CURRENT_PROJECT_VERSION = 1;
				DEVELOPMENT_TEAM = W98A637544;
				GENERATE_INFOPLIST_FILE = YES;
				IPHONEOS_DEPLOYMENT_TARGET = 16.2;
				MARKETING_VERSION = 1.0;
				PRODUCT_BUNDLE_IDENTIFIER = com.robbroadwell.TasksTests;
				PRODUCT_NAME = "$(TARGET_NAME)";
				SWIFT_EMIT_LOC_STRINGS = NO;
				SWIFT_VERSION = 5.0;
				TARGETED_DEVICE_FAMILY = "1,2";
				TEST_HOST = "$(BUILT_PRODUCTS_DIR)/Tasks.app/$(BUNDLE_EXECUTABLE_FOLDER_PATH)/Tasks";
			};
			name = Release;
		};
		D48F3F17296237250074DDC1 /* Debug */ = {
			isa = XCBuildConfiguration;
			buildSettings = {
				ALWAYS_EMBED_SWIFT_STANDARD_LIBRARIES = YES;
				CODE_SIGN_STYLE = Automatic;
				CURRENT_PROJECT_VERSION = 1;
				DEVELOPMENT_TEAM = W98A637544;
				GENERATE_INFOPLIST_FILE = YES;
				MARKETING_VERSION = 1.0;
				PRODUCT_BUNDLE_IDENTIFIER = com.robbroadwell.TasksUITests;
				PRODUCT_NAME = "$(TARGET_NAME)";
				SWIFT_EMIT_LOC_STRINGS = NO;
				SWIFT_VERSION = 5.0;
				TARGETED_DEVICE_FAMILY = "1,2";
				TEST_TARGET_NAME = Tasks;
			};
			name = Debug;
		};
		D48F3F18296237250074DDC1 /* Release */ = {
			isa = XCBuildConfiguration;
			buildSettings = {
				ALWAYS_EMBED_SWIFT_STANDARD_LIBRARIES = YES;
				CODE_SIGN_STYLE = Automatic;
				CURRENT_PROJECT_VERSION = 1;
				DEVELOPMENT_TEAM = W98A637544;
				GENERATE_INFOPLIST_FILE = YES;
				MARKETING_VERSION = 1.0;
				PRODUCT_BUNDLE_IDENTIFIER = com.robbroadwell.TasksUITests;
				PRODUCT_NAME = "$(TARGET_NAME)";
				SWIFT_EMIT_LOC_STRINGS = NO;
				SWIFT_VERSION = 5.0;
				TARGETED_DEVICE_FAMILY = "1,2";
				TEST_TARGET_NAME = Tasks;
			};
			name = Release;
		};
/* End XCBuildConfiguration section */

/* Begin XCConfigurationList section */
		D48F3EE7296237230074DDC1 /* Build configuration list for PBXProject "Tasks" */ = {
			isa = XCConfigurationList;
			buildConfigurations = (
				D48F3F0E296237250074DDC1 /* Debug */,
				D48F3F0F296237250074DDC1 /* Release */,
			);
			defaultConfigurationIsVisible = 0;
			defaultConfigurationName = Release;
		};
		D48F3F10296237250074DDC1 /* Build configuration list for PBXNativeTarget "Tasks" */ = {
			isa = XCConfigurationList;
			buildConfigurations = (
				D48F3F11296237250074DDC1 /* Debug */,
				D48F3F12296237250074DDC1 /* Release */,
			);
			defaultConfigurationIsVisible = 0;
			defaultConfigurationName = Release;
		};
		D48F3F13296237250074DDC1 /* Build configuration list for PBXNativeTarget "TasksTests" */ = {
			isa = XCConfigurationList;
			buildConfigurations = (
				D48F3F14296237250074DDC1 /* Debug */,
				D48F3F15296237250074DDC1 /* Release */,
			);
			defaultConfigurationIsVisible = 0;
			defaultConfigurationName = Release;
		};
		D48F3F16296237250074DDC1 /* Build configuration list for PBXNativeTarget "TasksUITests" */ = {
			isa = XCConfigurationList;
			buildConfigurations = (
				D48F3F17296237250074DDC1 /* Debug */,
				D48F3F18296237250074DDC1 /* Release */,
			);
			defaultConfigurationIsVisible = 0;
			defaultConfigurationName = Release;
		};
/* End XCConfigurationList section */
	};
	rootObject = D48F3EE4296237230074DDC1 /* Project object */;
}
